
Microsoft Visual Studio Solution File, Format Version 12.00
# Visual Studio Version 16
VisualStudioVersion = 16.0.29215.179
MinimumVisualStudioVersion = 10.0.40219.1
Project("{8BC9CEB8-8B4A-11D0-8D11-00A0C91BC942}") = "Scramble", "Scramble\Scramble.vcxproj", "{0D0C8230-CDF8-4C81-A980-AD2715434964}"
EndProject
Project("{8BC9CEB8-8B4A-11D0-8D11-00A0C91BC942}") = "BloomFramework", "BloomFramework\BloomFramework\BloomFramework.vcxproj", "{C640C874-D67E-4B31-AF02-378FE5C4D3A3}"
EndProject
Project("{2150E333-8FDC-42A3-9474-1A3956D46DE8}") = "Solution Items", "Solution Items", "{3D970BEC-A676-4A07-B87A-CD93FE48C37B}"
	ProjectSection(SolutionItems) = preProject
		azure-pipelines.yml = azure-pipelines.yml
		README.md = README.md
	EndProjectSection
EndProject
Project("{8BC9CEB8-8B4A-11D0-8D11-00A0C91BC942}") = "Tilemap parser", "Tilemap parser\Tilemap parser.vcxproj", "{E0F6EEED-E706-4377-B687-D0D588374768}"
EndProject
Global
	GlobalSection(SolutionConfigurationPlatforms) = preSolution
		Debug|x64 = Debug|x64
		Debug|x86 = Debug|x86
		Release|x64 = Release|x64
		Release|x86 = Release|x86
	EndGlobalSection
	GlobalSection(ProjectConfigurationPlatforms) = postSolution
		{0D0C8230-CDF8-4C81-A980-AD2715434964}.Debug|x64.ActiveCfg = Debug|x64
		{0D0C8230-CDF8-4C81-A980-AD2715434964}.Debug|x64.Build.0 = Debug|x64
		{0D0C8230-CDF8-4C81-A980-AD2715434964}.Debug|x86.ActiveCfg = Debug|Win32
		{0D0C8230-CDF8-4C81-A980-AD2715434964}.Debug|x86.Build.0 = Debug|Win32
		{0D0C8230-CDF8-4C81-A980-AD2715434964}.Release|x64.ActiveCfg = Release|x64
		{0D0C8230-CDF8-4C81-A980-AD2715434964}.Release|x64.Build.0 = Release|x64
		{0D0C8230-CDF8-4C81-A980-AD2715434964}.Release|x86.ActiveCfg = Release|Win32
		{0D0C8230-CDF8-4C81-A980-AD2715434964}.Release|x86.Build.0 = Release|Win32
		{C640C874-D67E-4B31-AF02-378FE5C4D3A3}.Debug|x64.ActiveCfg = Debug|x64
		{C640C874-D67E-4B31-AF02-378FE5C4D3A3}.Debug|x64.Build.0 = Debug|x64
		{C640C874-D67E-4B31-AF02-378FE5C4D3A3}.Debug|x86.ActiveCfg = Debug|Win32
		{C640C874-D67E-4B31-AF02-378FE5C4D3A3}.Debug|x86.Build.0 = Debug|Win32
		{C640C874-D67E-4B31-AF02-378FE5C4D3A3}.Release|x64.ActiveCfg = Release|x64
		{C640C874-D67E-4B31-AF02-378FE5C4D3A3}.Release|x64.Build.0 = Release|x64
		{C640C874-D67E-4B31-AF02-378FE5C4D3A3}.Release|x86.ActiveCfg = Release|Win32
		{C640C874-D67E-4B31-AF02-378FE5C4D3A3}.Release|x86.Build.0 = Release|Win32
		{E0F6EEED-E706-4377-B687-D0D588374768}.Debug|x64.ActiveCfg = Debug|x64
		{E0F6EEED-E706-4377-B687-D0D588374768}.Debug|x64.Build.0 = Debug|x64
		{E0F6EEED-E706-4377-B687-D0D588374768}.Debug|x86.ActiveCfg = Debug|Win32
		{E0F6EEED-E706-4377-B687-D0D588374768}.Debug|x86.Build.0 = Debug|Win32
		{E0F6EEED-E706-4377-B687-D0D588374768}.Release|x64.ActiveCfg = Release|x64
		{E0F6EEED-E706-4377-B687-D0D588374768}.Release|x64.Build.0 = Release|x64
		{E0F6EEED-E706-4377-B687-D0D588374768}.Release|x86.ActiveCfg = Release|Win32
		{E0F6EEED-E706-4377-B687-D0D588374768}.Release|x86.Build.0 = Release|Win32
	EndGlobalSection
	GlobalSection(SolutionProperties) = preSolution
		HideSolutionNode = FALSE
	EndGlobalSection
	GlobalSection(ExtensibilityGlobals) = postSolution
		SolutionGuid = {6809EACE-360F-4664-811A-1182F4C4746E}
	EndGlobalSection
EndGlobal
